
Microsoft Visual Studio Solution File, Format Version 12.00
# Visual Studio Version 17
VisualStudioVersion = 17.5.33627.172
MinimumVisualStudioVersion = 10.0.40219.1
Project("{2150E333-8FDC-42A3-9474-1A3956D46DE8}") = "Solution Items", "Solution Items", "{3007B13F-9544-462F-A394-573A79ED4D3E}"
	ProjectSection(SolutionItems) = preProject
		.gitignore = .gitignore
		README.md = README.md
	EndProjectSection
EndProject
Project("{2150E333-8FDC-42A3-9474-1A3956D46DE8}") = "src", "src", "{0C55A374-8355-4FC8-940A-E20732578236}"
EndProject
Project("{2150E333-8FDC-42A3-9474-1A3956D46DE8}") = "test", "test", "{59C7F48F-068A-4875-9674-8358234FCCE3}"
EndProject
Project("{2150E333-8FDC-42A3-9474-1A3956D46DE8}") = "Services", "Services", "{D7DEF0D2-8ACC-4ADC-8A25-6AFE58A86FC5}"
EndProject
Project("{2150E333-8FDC-42A3-9474-1A3956D46DE8}") = "BuildingBlocks", "BuildingBlocks", "{141E25AF-C7A0-4325-8F6B-FCDC8FED089F}"
EndProject
Project("{2150E333-8FDC-42A3-9474-1A3956D46DE8}") = "DoctorDay", "DoctorDay", "{DEF97E12-59D4-4059-B37E-B975675419FA}"
EndProject
Project("{9A19103F-16F7-4668-BE54-9A1E7A4F7556}") = "DoctorDay.Application", "src\Services\DoctorDay.Application\DoctorDay.Application.csproj", "{323E4A8A-AD1D-4E38-AA02-A3530ADEC6B4}"
EndProject
Project("{9A19103F-16F7-4668-BE54-9A1E7A4F7556}") = "DoctorDay.Domain", "src\Services\DoctorDay.Domain\DoctorDay.Domain.csproj", "{D2F5EABD-0B24-485F-9173-91D0400E02CC}"
EndProject
Project("{9A19103F-16F7-4668-BE54-9A1E7A4F7556}") = "BuildingBlocks.Archivers", "src\BuildingBlocks\Archivers\BuildingBlocks.Archivers.csproj", "{581ED6FB-BE34-48B6-AC40-1E0ED0840074}"
EndProject
Project("{9A19103F-16F7-4668-BE54-9A1E7A4F7556}") = "BuildingBlocks.Archivers.Azure", "src\BuildingBlocks\Archivers.Azure\BuildingBlocks.Archivers.Azure.csproj", "{D7F95253-48EB-4619-BCC0-E5ACA07356AA}"
EndProject
Project("{9A19103F-16F7-4668-BE54-9A1E7A4F7556}") = "BuildingBlocks.JsonConverters", "src\BuildingBlocks\JsonConverters\BuildingBlocks.JsonConverters.csproj", "{5AC9BCE3-9F05-4EB7-9142-1688F50B6609}"
EndProject
Project("{9A19103F-16F7-4668-BE54-9A1E7A4F7556}") = "DoctorDay.Infrastructure.RavenDB", "src\Services\DoctorDay.Infrastructure.RavenDB\DoctorDay.Infrastructure.RavenDB.csproj", "{D8B36C70-39FD-429F-8E5A-EE654CEA6DCF}"
EndProject
Project("{9A19103F-16F7-4668-BE54-9A1E7A4F7556}") = "DoctorDay.Infrastructure.MongoDB", "src\Services\DoctorDay.Infrastructure.MongoDB\DoctorDay.Infrastructure.MongoDB.csproj", "{D88C2696-B2FD-4EE2-BCB9-6762169FC05C}"
EndProject
Project("{9A19103F-16F7-4668-BE54-9A1E7A4F7556}") = "BuildingBlocks.Projections.RavenDB", "src\BuildingBlocks\Projections.RavenDB\BuildingBlocks.Projections.RavenDB.csproj", "{62188750-9074-4FF0-8689-0ED8B7957051}"
EndProject
Project("{9A19103F-16F7-4668-BE54-9A1E7A4F7556}") = "DoctorDay.API", "src\Services\DoctorDay.API\DoctorDay.API.csproj", "{B807A126-0E32-44B3-8660-02F84512362B}"
EndProject
Project("{E53339B2-1760-4266-BCC7-CA923CBCF16C}") = "docker-compose", "docker-compose.dcproj", "{EE68E023-7E07-4849-848E-5EC24017D90D}"
EndProject
Project("{9A19103F-16F7-4668-BE54-9A1E7A4F7556}") = "DoctorDay.Subscriptions.Catchup", "src\Services\DoctorDay.Subscriptions.Catchup\DoctorDay.Subscriptions.Catchup.csproj", "{B86A6A12-4842-4D6E-9752-23C5CF214A75}"
EndProject
Project("{9A19103F-16F7-4668-BE54-9A1E7A4F7556}") = "DoctorDay.Subscriptions.Persistent", "src\Services\DoctorDay.Subscriptions.Persistent\DoctorDay.Subscriptions.Persistent.csproj", "{31172AA5-5F7A-4B0D-BB34-E05762AABC7E}"
EndProject
Project("{2150E333-8FDC-42A3-9474-1A3956D46DE8}") = "Services", "Services", "{F3A545A5-3945-4DD1-BD50-95B72C30B5D1}"
EndProject
Project("{FAE04EC0-301F-11D3-BF4B-00C04F79EFBC}") = "Eventuous.TestHelpers", "test\Eventuous.TestHelpers\Eventuous.TestHelpers.csproj", "{B5CA5F1A-932D-4DA1-AE29-2BFB647BE777}"
EndProject
Project("{FAE04EC0-301F-11D3-BF4B-00C04F79EFBC}") = "DoctorDay.Domain.Tests", "test\Services\DoctorDay.Domain.Tests\DoctorDay.Domain.Tests.csproj", "{67233C4B-2472-4EC6-A82F-FF7839B84616}"
EndProject
Project("{FAE04EC0-301F-11D3-BF4B-00C04F79EFBC}") = "DoctorDay.Application.Tests", "test\Services\DoctorDay.Application.Tests\DoctorDay.Application.Tests.csproj", "{30927FAE-DFD1-4B34-A6CE-3FB49E6DC2FA}"
EndProject
Global
	GlobalSection(SolutionConfigurationPlatforms) = preSolution
		Debug|Any CPU = Debug|Any CPU
		Release|Any CPU = Release|Any CPU
	EndGlobalSection
	GlobalSection(ProjectConfigurationPlatforms) = postSolution
		{323E4A8A-AD1D-4E38-AA02-A3530ADEC6B4}.Debug|Any CPU.ActiveCfg = Debug|Any CPU
		{323E4A8A-AD1D-4E38-AA02-A3530ADEC6B4}.Debug|Any CPU.Build.0 = Debug|Any CPU
		{323E4A8A-AD1D-4E38-AA02-A3530ADEC6B4}.Release|Any CPU.ActiveCfg = Release|Any CPU
		{323E4A8A-AD1D-4E38-AA02-A3530ADEC6B4}.Release|Any CPU.Build.0 = Release|Any CPU
		{D2F5EABD-0B24-485F-9173-91D0400E02CC}.Debug|Any CPU.ActiveCfg = Debug|Any CPU
		{D2F5EABD-0B24-485F-9173-91D0400E02CC}.Debug|Any CPU.Build.0 = Debug|Any CPU
		{D2F5EABD-0B24-485F-9173-91D0400E02CC}.Release|Any CPU.ActiveCfg = Release|Any CPU
		{D2F5EABD-0B24-485F-9173-91D0400E02CC}.Release|Any CPU.Build.0 = Release|Any CPU
		{581ED6FB-BE34-48B6-AC40-1E0ED0840074}.Debug|Any CPU.ActiveCfg = Debug|Any CPU
		{581ED6FB-BE34-48B6-AC40-1E0ED0840074}.Debug|Any CPU.Build.0 = Debug|Any CPU
		{581ED6FB-BE34-48B6-AC40-1E0ED0840074}.Release|Any CPU.ActiveCfg = Release|Any CPU
		{581ED6FB-BE34-48B6-AC40-1E0ED0840074}.Release|Any CPU.Build.0 = Release|Any CPU
		{D7F95253-48EB-4619-BCC0-E5ACA07356AA}.Debug|Any CPU.ActiveCfg = Debug|Any CPU
		{D7F95253-48EB-4619-BCC0-E5ACA07356AA}.Debug|Any CPU.Build.0 = Debug|Any CPU
		{D7F95253-48EB-4619-BCC0-E5ACA07356AA}.Release|Any CPU.ActiveCfg = Release|Any CPU
		{D7F95253-48EB-4619-BCC0-E5ACA07356AA}.Release|Any CPU.Build.0 = Release|Any CPU
		{5AC9BCE3-9F05-4EB7-9142-1688F50B6609}.Debug|Any CPU.ActiveCfg = Debug|Any CPU
		{5AC9BCE3-9F05-4EB7-9142-1688F50B6609}.Debug|Any CPU.Build.0 = Debug|Any CPU
		{5AC9BCE3-9F05-4EB7-9142-1688F50B6609}.Release|Any CPU.ActiveCfg = Release|Any CPU
		{5AC9BCE3-9F05-4EB7-9142-1688F50B6609}.Release|Any CPU.Build.0 = Release|Any CPU
		{D8B36C70-39FD-429F-8E5A-EE654CEA6DCF}.Debug|Any CPU.ActiveCfg = Debug|Any CPU
		{D8B36C70-39FD-429F-8E5A-EE654CEA6DCF}.Debug|Any CPU.Build.0 = Debug|Any CPU
		{D8B36C70-39FD-429F-8E5A-EE654CEA6DCF}.Release|Any CPU.ActiveCfg = Release|Any CPU
		{D8B36C70-39FD-429F-8E5A-EE654CEA6DCF}.Release|Any CPU.Build.0 = Release|Any CPU
		{D88C2696-B2FD-4EE2-BCB9-6762169FC05C}.Debug|Any CPU.ActiveCfg = Debug|Any CPU
		{D88C2696-B2FD-4EE2-BCB9-6762169FC05C}.Debug|Any CPU.Build.0 = Debug|Any CPU
		{D88C2696-B2FD-4EE2-BCB9-6762169FC05C}.Release|Any CPU.ActiveCfg = Release|Any CPU
		{D88C2696-B2FD-4EE2-BCB9-6762169FC05C}.Release|Any CPU.Build.0 = Release|Any CPU
		{62188750-9074-4FF0-8689-0ED8B7957051}.Debug|Any CPU.ActiveCfg = Debug|Any CPU
		{62188750-9074-4FF0-8689-0ED8B7957051}.Debug|Any CPU.Build.0 = Debug|Any CPU
		{62188750-9074-4FF0-8689-0ED8B7957051}.Release|Any CPU.ActiveCfg = Release|Any CPU
		{62188750-9074-4FF0-8689-0ED8B7957051}.Release|Any CPU.Build.0 = Release|Any CPU
		{B807A126-0E32-44B3-8660-02F84512362B}.Debug|Any CPU.ActiveCfg = Debug|Any CPU
		{B807A126-0E32-44B3-8660-02F84512362B}.Debug|Any CPU.Build.0 = Debug|Any CPU
		{B807A126-0E32-44B3-8660-02F84512362B}.Release|Any CPU.ActiveCfg = Release|Any CPU
		{B807A126-0E32-44B3-8660-02F84512362B}.Release|Any CPU.Build.0 = Release|Any CPU
		{EE68E023-7E07-4849-848E-5EC24017D90D}.Debug|Any CPU.ActiveCfg = Debug|Any CPU
		{EE68E023-7E07-4849-848E-5EC24017D90D}.Debug|Any CPU.Build.0 = Debug|Any CPU
		{EE68E023-7E07-4849-848E-5EC24017D90D}.Release|Any CPU.ActiveCfg = Release|Any CPU
		{EE68E023-7E07-4849-848E-5EC24017D90D}.Release|Any CPU.Build.0 = Release|Any CPU
		{B86A6A12-4842-4D6E-9752-23C5CF214A75}.Debug|Any CPU.ActiveCfg = Debug|Any CPU
		{B86A6A12-4842-4D6E-9752-23C5CF214A75}.Debug|Any CPU.Build.0 = Debug|Any CPU
		{B86A6A12-4842-4D6E-9752-23C5CF214A75}.Release|Any CPU.ActiveCfg = Release|Any CPU
		{B86A6A12-4842-4D6E-9752-23C5CF214A75}.Release|Any CPU.Build.0 = Release|Any CPU
		{31172AA5-5F7A-4B0D-BB34-E05762AABC7E}.Debug|Any CPU.ActiveCfg = Debug|Any CPU
		{31172AA5-5F7A-4B0D-BB34-E05762AABC7E}.Debug|Any CPU.Build.0 = Debug|Any CPU
		{31172AA5-5F7A-4B0D-BB34-E05762AABC7E}.Release|Any CPU.ActiveCfg = Release|Any CPU
		{31172AA5-5F7A-4B0D-BB34-E05762AABC7E}.Release|Any CPU.Build.0 = Release|Any CPU
		{B5CA5F1A-932D-4DA1-AE29-2BFB647BE777}.Debug|Any CPU.ActiveCfg = Debug|Any CPU
		{B5CA5F1A-932D-4DA1-AE29-2BFB647BE777}.Debug|Any CPU.Build.0 = Debug|Any CPU
		{B5CA5F1A-932D-4DA1-AE29-2BFB647BE777}.Release|Any CPU.ActiveCfg = Release|Any CPU
		{B5CA5F1A-932D-4DA1-AE29-2BFB647BE777}.Release|Any CPU.Build.0 = Release|Any CPU
		{67233C4B-2472-4EC6-A82F-FF7839B84616}.Debug|Any CPU.ActiveCfg = Debug|Any CPU
		{67233C4B-2472-4EC6-A82F-FF7839B84616}.Debug|Any CPU.Build.0 = Debug|Any CPU
		{67233C4B-2472-4EC6-A82F-FF7839B84616}.Release|Any CPU.ActiveCfg = Release|Any CPU
		{67233C4B-2472-4EC6-A82F-FF7839B84616}.Release|Any CPU.Build.0 = Release|Any CPU
		{30927FAE-DFD1-4B34-A6CE-3FB49E6DC2FA}.Debug|Any CPU.ActiveCfg = Debug|Any CPU
		{30927FAE-DFD1-4B34-A6CE-3FB49E6DC2FA}.Debug|Any CPU.Build.0 = Debug|Any CPU
		{30927FAE-DFD1-4B34-A6CE-3FB49E6DC2FA}.Release|Any CPU.ActiveCfg = Release|Any CPU
		{30927FAE-DFD1-4B34-A6CE-3FB49E6DC2FA}.Release|Any CPU.Build.0 = Release|Any CPU
	EndGlobalSection
	GlobalSection(SolutionProperties) = preSolution
		HideSolutionNode = FALSE
	EndGlobalSection
	GlobalSection(NestedProjects) = preSolution
		{D7DEF0D2-8ACC-4ADC-8A25-6AFE58A86FC5} = {0C55A374-8355-4FC8-940A-E20732578236}
		{141E25AF-C7A0-4325-8F6B-FCDC8FED089F} = {0C55A374-8355-4FC8-940A-E20732578236}
		{DEF97E12-59D4-4059-B37E-B975675419FA} = {D7DEF0D2-8ACC-4ADC-8A25-6AFE58A86FC5}
		{323E4A8A-AD1D-4E38-AA02-A3530ADEC6B4} = {DEF97E12-59D4-4059-B37E-B975675419FA}
		{D2F5EABD-0B24-485F-9173-91D0400E02CC} = {DEF97E12-59D4-4059-B37E-B975675419FA}
		{581ED6FB-BE34-48B6-AC40-1E0ED0840074} = {141E25AF-C7A0-4325-8F6B-FCDC8FED089F}
		{D7F95253-48EB-4619-BCC0-E5ACA07356AA} = {141E25AF-C7A0-4325-8F6B-FCDC8FED089F}
		{5AC9BCE3-9F05-4EB7-9142-1688F50B6609} = {141E25AF-C7A0-4325-8F6B-FCDC8FED089F}
		{D8B36C70-39FD-429F-8E5A-EE654CEA6DCF} = {DEF97E12-59D4-4059-B37E-B975675419FA}
		{D88C2696-B2FD-4EE2-BCB9-6762169FC05C} = {DEF97E12-59D4-4059-B37E-B975675419FA}
		{62188750-9074-4FF0-8689-0ED8B7957051} = {141E25AF-C7A0-4325-8F6B-FCDC8FED089F}
		{B807A126-0E32-44B3-8660-02F84512362B} = {DEF97E12-59D4-4059-B37E-B975675419FA}
		{B86A6A12-4842-4D6E-9752-23C5CF214A75} = {DEF97E12-59D4-4059-B37E-B975675419FA}
		{31172AA5-5F7A-4B0D-BB34-E05762AABC7E} = {DEF97E12-59D4-4059-B37E-B975675419FA}
		{F3A545A5-3945-4DD1-BD50-95B72C30B5D1} = {59C7F48F-068A-4875-9674-8358234FCCE3}
		{B5CA5F1A-932D-4DA1-AE29-2BFB647BE777} = {59C7F48F-068A-4875-9674-8358234FCCE3}
		{67233C4B-2472-4EC6-A82F-FF7839B84616} = {F3A545A5-3945-4DD1-BD50-95B72C30B5D1}
		{30927FAE-DFD1-4B34-A6CE-3FB49E6DC2FA} = {F3A545A5-3945-4DD1-BD50-95B72C30B5D1}
	EndGlobalSection
	GlobalSection(ExtensibilityGlobals) = postSolution
		SolutionGuid = {678418E4-518F-452C-B3DE-0526431A1EBF}
	EndGlobalSection
EndGlobal
